
Microsoft Visual Studio Solution File, Format Version 12.00
# Visual Studio Version 17
VisualStudioVersion = 17.3.32721.290
MinimumVisualStudioVersion = 10.0.40219.1
Project("{9A19103F-16F7-4668-BE54-9A1E7A4F7556}") = "Zhzt.Exam.QuestionLib.Api", "Zhzt.Exam.QuestionLib.Api\Zhzt.Exam.QuestionLib.Api.csproj", "{943BDFE1-8FDC-4EA4-B0F5-EA4F5F19906D}"
EndProject
Project("{9A19103F-16F7-4668-BE54-9A1E7A4F7556}") = "Zhzt.Exam.QuestionLib.DomainModel", "Zhzt.Exam.QuestionLib.DomainModel\Zhzt.Exam.QuestionLib.DomainModel.csproj", "{6404E327-8C5A-41CE-A4A6-011917BA8073}"
EndProject
Project("{9A19103F-16F7-4668-BE54-9A1E7A4F7556}") = "Zhzt.Exam.QuestionLib.DomainService", "Zhzt.Exam.QuestionLib.DomainService\Zhzt.Exam.QuestionLib.DomainService.csproj", "{317C0532-1AF3-4412-84D6-2C6083114F93}"
EndProject
Project("{9A19103F-16F7-4668-BE54-9A1E7A4F7556}") = "Zhzt.Exam.QuestionLib.DomainInterface", "Zhzt.Exam.QuestionLib.DomainInterface\Zhzt.Exam.QuestionLib.DomainInterface.csproj", "{0096AF78-24B3-44DF-9EE8-3BD200A50054}"
EndProject
Project("{2150E333-8FDC-42A3-9474-1A3956D46DE8}") = "Domain", "Domain", "{3B35912F-47A0-48A2-B2D1-3CCAFBDB92BA}"
EndProject
Project("{2150E333-8FDC-42A3-9474-1A3956D46DE8}") = "Microservice", "Microservice", "{3610424E-76C8-425F-B16A-1A275299AA36}"
EndProject
Project("{2150E333-8FDC-42A3-9474-1A3956D46DE8}") = "Infrastructure", "Infrastructure", "{F0D9C21D-7EE7-4031-8ACA-53C9EB1C1DB3}"
EndProject
Project("{9A19103F-16F7-4668-BE54-9A1E7A4F7556}") = "Netcore.Extensions.WebModels", "Netcore.Extensions.WebModels\Netcore.Extensions.WebModels.csproj", "{27A9E0C8-DAC4-4387-9402-CBBBF5F878F2}"
EndProject
Project("{9A19103F-16F7-4668-BE54-9A1E7A4F7556}") = "SqlSugar.Extensions.DomainHelper", "SqlSugar.Extension.DomainHelper\SqlSugar.Extensions.DomainHelper.csproj", "{F0B26779-2DFD-4006-866A-52538465EC9E}"
EndProject
Project("{9A19103F-16F7-4668-BE54-9A1E7A4F7556}") = "SqlSugar.Extensions.CodeFirst", "SqlSugar.Extensions.CodeFirst\SqlSugar.Extensions.CodeFirst.csproj", "{5C0BDD69-5C58-4053-9CF2-5701C50A8C75}"
EndProject
Project("{2150E333-8FDC-42A3-9474-1A3956D46DE8}") = "QuestionDomain", "QuestionDomain", "{C92E5B3A-01B1-4998-8679-4794247ED254}"
EndProject
Project("{2150E333-8FDC-42A3-9474-1A3956D46DE8}") = "PaperDomain", "PaperDomain", "{803577FD-A325-4379-96EC-C10CCC4393A3}"
EndProject
Project("{9A19103F-16F7-4668-BE54-9A1E7A4F7556}") = "MongoDb.Extensions.DomainHelper", "MongoDb.Extensions.DomainHelper\MongoDb.Extensions.DomainHelper.csproj", "{720D02F1-E594-4D9A-8205-86AF0BFD1E74}"
EndProject
Project("{9A19103F-16F7-4668-BE54-9A1E7A4F7556}") = "MongoDb.Extensions.Options", "MongoDb.Extensions.Options\MongoDb.Extensions.Options.csproj", "{8F01FAEB-BA25-4D34-896D-1B04FD2D4E88}"
EndProject
Project("{9A19103F-16F7-4668-BE54-9A1E7A4F7556}") = "Zhzt.Exam.PaperLib.Api", "Zhzt.Exam.PaperLib.Api\Zhzt.Exam.PaperLib.Api.csproj", "{72006447-DAAF-4445-9376-5493511778CA}"
EndProject
Project("{9A19103F-16F7-4668-BE54-9A1E7A4F7556}") = "Zhzt.Exam.PaperLib.DomainModel", "Zhzt.Exam.PagerLib.DomainModel\Zhzt.Exam.PaperLib.DomainModel.csproj", "{6B436030-8011-4200-A80C-93DF30C3502B}"
EndProject
Project("{9A19103F-16F7-4668-BE54-9A1E7A4F7556}") = "Zhzt.Exam.PaperLib.DomainInterface", "Zhzt.Exam.PaperLib.DomainInterface\Zhzt.Exam.PaperLib.DomainInterface.csproj", "{8FAD8BD9-5FE5-416A-828D-327EDE184A73}"
EndProject
Project("{9A19103F-16F7-4668-BE54-9A1E7A4F7556}") = "Zhzt.Exam.PaperLib.DomainService", "Zhzt.Exam.PaperLib.DomainService\Zhzt.Exam.PaperLib.DomainService.csproj", "{9653D3F7-5F79-4F25-9B56-7E4816E348FF}"
EndProject
Global
	GlobalSection(SolutionConfigurationPlatforms) = preSolution
		Debug|Any CPU = Debug|Any CPU
		Release|Any CPU = Release|Any CPU
	EndGlobalSection
	GlobalSection(ProjectConfigurationPlatforms) = postSolution
		{943BDFE1-8FDC-4EA4-B0F5-EA4F5F19906D}.Debug|Any CPU.ActiveCfg = Debug|Any CPU
		{943BDFE1-8FDC-4EA4-B0F5-EA4F5F19906D}.Debug|Any CPU.Build.0 = Debug|Any CPU
		{943BDFE1-8FDC-4EA4-B0F5-EA4F5F19906D}.Release|Any CPU.ActiveCfg = Release|Any CPU
		{943BDFE1-8FDC-4EA4-B0F5-EA4F5F19906D}.Release|Any CPU.Build.0 = Release|Any CPU
		{6404E327-8C5A-41CE-A4A6-011917BA8073}.Debug|Any CPU.ActiveCfg = Debug|Any CPU
		{6404E327-8C5A-41CE-A4A6-011917BA8073}.Debug|Any CPU.Build.0 = Debug|Any CPU
		{6404E327-8C5A-41CE-A4A6-011917BA8073}.Release|Any CPU.ActiveCfg = Release|Any CPU
		{6404E327-8C5A-41CE-A4A6-011917BA8073}.Release|Any CPU.Build.0 = Release|Any CPU
		{317C0532-1AF3-4412-84D6-2C6083114F93}.Debug|Any CPU.ActiveCfg = Debug|Any CPU
		{317C0532-1AF3-4412-84D6-2C6083114F93}.Debug|Any CPU.Build.0 = Debug|Any CPU
		{317C0532-1AF3-4412-84D6-2C6083114F93}.Release|Any CPU.ActiveCfg = Release|Any CPU
		{317C0532-1AF3-4412-84D6-2C6083114F93}.Release|Any CPU.Build.0 = Release|Any CPU
		{0096AF78-24B3-44DF-9EE8-3BD200A50054}.Debug|Any CPU.ActiveCfg = Debug|Any CPU
		{0096AF78-24B3-44DF-9EE8-3BD200A50054}.Debug|Any CPU.Build.0 = Debug|Any CPU
		{0096AF78-24B3-44DF-9EE8-3BD200A50054}.Release|Any CPU.ActiveCfg = Release|Any CPU
		{0096AF78-24B3-44DF-9EE8-3BD200A50054}.Release|Any CPU.Build.0 = Release|Any CPU
		{27A9E0C8-DAC4-4387-9402-CBBBF5F878F2}.Debug|Any CPU.ActiveCfg = Debug|Any CPU
		{27A9E0C8-DAC4-4387-9402-CBBBF5F878F2}.Debug|Any CPU.Build.0 = Debug|Any CPU
		{27A9E0C8-DAC4-4387-9402-CBBBF5F878F2}.Release|Any CPU.ActiveCfg = Release|Any CPU
		{27A9E0C8-DAC4-4387-9402-CBBBF5F878F2}.Release|Any CPU.Build.0 = Release|Any CPU
		{F0B26779-2DFD-4006-866A-52538465EC9E}.Debug|Any CPU.ActiveCfg = Debug|Any CPU
		{F0B26779-2DFD-4006-866A-52538465EC9E}.Debug|Any CPU.Build.0 = Debug|Any CPU
		{F0B26779-2DFD-4006-866A-52538465EC9E}.Release|Any CPU.ActiveCfg = Release|Any CPU
		{F0B26779-2DFD-4006-866A-52538465EC9E}.Release|Any CPU.Build.0 = Release|Any CPU
		{5C0BDD69-5C58-4053-9CF2-5701C50A8C75}.Debug|Any CPU.ActiveCfg = Debug|Any CPU
		{5C0BDD69-5C58-4053-9CF2-5701C50A8C75}.Debug|Any CPU.Build.0 = Debug|Any CPU
		{5C0BDD69-5C58-4053-9CF2-5701C50A8C75}.Release|Any CPU.ActiveCfg = Release|Any CPU
		{5C0BDD69-5C58-4053-9CF2-5701C50A8C75}.Release|Any CPU.Build.0 = Release|Any CPU
		{720D02F1-E594-4D9A-8205-86AF0BFD1E74}.Debug|Any CPU.ActiveCfg = Debug|Any CPU
		{720D02F1-E594-4D9A-8205-86AF0BFD1E74}.Debug|Any CPU.Build.0 = Debug|Any CPU
		{720D02F1-E594-4D9A-8205-86AF0BFD1E74}.Release|Any CPU.ActiveCfg = Release|Any CPU
		{720D02F1-E594-4D9A-8205-86AF0BFD1E74}.Release|Any CPU.Build.0 = Release|Any CPU
		{8F01FAEB-BA25-4D34-896D-1B04FD2D4E88}.Debug|Any CPU.ActiveCfg = Debug|Any CPU
		{8F01FAEB-BA25-4D34-896D-1B04FD2D4E88}.Debug|Any CPU.Build.0 = Debug|Any CPU
		{8F01FAEB-BA25-4D34-896D-1B04FD2D4E88}.Release|Any CPU.ActiveCfg = Release|Any CPU
		{8F01FAEB-BA25-4D34-896D-1B04FD2D4E88}.Release|Any CPU.Build.0 = Release|Any CPU
		{72006447-DAAF-4445-9376-5493511778CA}.Debug|Any CPU.ActiveCfg = Debug|Any CPU
		{72006447-DAAF-4445-9376-5493511778CA}.Debug|Any CPU.Build.0 = Debug|Any CPU
		{72006447-DAAF-4445-9376-5493511778CA}.Release|Any CPU.ActiveCfg = Release|Any CPU
		{72006447-DAAF-4445-9376-5493511778CA}.Release|Any CPU.Build.0 = Release|Any CPU
		{6B436030-8011-4200-A80C-93DF30C3502B}.Debug|Any CPU.ActiveCfg = Debug|Any CPU
		{6B436030-8011-4200-A80C-93DF30C3502B}.Debug|Any CPU.Build.0 = Debug|Any CPU
		{6B436030-8011-4200-A80C-93DF30C3502B}.Release|Any CPU.ActiveCfg = Release|Any CPU
		{6B436030-8011-4200-A80C-93DF30C3502B}.Release|Any CPU.Build.0 = Release|Any CPU
		{8FAD8BD9-5FE5-416A-828D-327EDE184A73}.Debug|Any CPU.ActiveCfg = Debug|Any CPU
		{8FAD8BD9-5FE5-416A-828D-327EDE184A73}.Debug|Any CPU.Build.0 = Debug|Any CPU
		{8FAD8BD9-5FE5-416A-828D-327EDE184A73}.Release|Any CPU.ActiveCfg = Release|Any CPU
		{8FAD8BD9-5FE5-416A-828D-327EDE184A73}.Release|Any CPU.Build.0 = Release|Any CPU
		{9653D3F7-5F79-4F25-9B56-7E4816E348FF}.Debug|Any CPU.ActiveCfg = Debug|Any CPU
		{9653D3F7-5F79-4F25-9B56-7E4816E348FF}.Debug|Any CPU.Build.0 = Debug|Any CPU
		{9653D3F7-5F79-4F25-9B56-7E4816E348FF}.Release|Any CPU.ActiveCfg = Release|Any CPU
		{9653D3F7-5F79-4F25-9B56-7E4816E348FF}.Release|Any CPU.Build.0 = Release|Any CPU
	EndGlobalSection
	GlobalSection(SolutionProperties) = preSolution
		HideSolutionNode = FALSE
	EndGlobalSection
	GlobalSection(NestedProjects) = preSolution
		{943BDFE1-8FDC-4EA4-B0F5-EA4F5F19906D} = {3610424E-76C8-425F-B16A-1A275299AA36}
		{6404E327-8C5A-41CE-A4A6-011917BA8073} = {C92E5B3A-01B1-4998-8679-4794247ED254}
		{317C0532-1AF3-4412-84D6-2C6083114F93} = {C92E5B3A-01B1-4998-8679-4794247ED254}
		{0096AF78-24B3-44DF-9EE8-3BD200A50054} = {C92E5B3A-01B1-4998-8679-4794247ED254}
		{27A9E0C8-DAC4-4387-9402-CBBBF5F878F2} = {F0D9C21D-7EE7-4031-8ACA-53C9EB1C1DB3}
		{F0B26779-2DFD-4006-866A-52538465EC9E} = {F0D9C21D-7EE7-4031-8ACA-53C9EB1C1DB3}
		{5C0BDD69-5C58-4053-9CF2-5701C50A8C75} = {F0D9C21D-7EE7-4031-8ACA-53C9EB1C1DB3}
		{C92E5B3A-01B1-4998-8679-4794247ED254} = {3B35912F-47A0-48A2-B2D1-3CCAFBDB92BA}
		{803577FD-A325-4379-96EC-C10CCC4393A3} = {3B35912F-47A0-48A2-B2D1-3CCAFBDB92BA}
		{720D02F1-E594-4D9A-8205-86AF0BFD1E74} = {F0D9C21D-7EE7-4031-8ACA-53C9EB1C1DB3}
		{8F01FAEB-BA25-4D34-896D-1B04FD2D4E88} = {F0D9C21D-7EE7-4031-8ACA-53C9EB1C1DB3}
		{72006447-DAAF-4445-9376-5493511778CA} = {3610424E-76C8-425F-B16A-1A275299AA36}
		{6B436030-8011-4200-A80C-93DF30C3502B} = {803577FD-A325-4379-96EC-C10CCC4393A3}
		{8FAD8BD9-5FE5-416A-828D-327EDE184A73} = {803577FD-A325-4379-96EC-C10CCC4393A3}
		{9653D3F7-5F79-4F25-9B56-7E4816E348FF} = {803577FD-A325-4379-96EC-C10CCC4393A3}
	EndGlobalSection
	GlobalSection(ExtensibilityGlobals) = postSolution
		SolutionGuid = {C1AC8227-9DDB-4C1C-9735-FB9772DA6A8E}
	EndGlobalSection
EndGlobal
