
Microsoft Visual Studio Solution File, Format Version 12.00
# Visual Studio Version 17
VisualStudioVersion = 17.3.32721.290
MinimumVisualStudioVersion = 10.0.40219.1
Project("{9A19103F-16F7-4668-BE54-9A1E7A4F7556}") = "Zhzt.Exam.QuestionLib.Api", "Zhzt.Exam.QuestionLib.Api\Zhzt.Exam.QuestionLib.Api.csproj", "{943BDFE1-8FDC-4EA4-B0F5-EA4F5F19906D}"
EndProject
Project("{9A19103F-16F7-4668-BE54-9A1E7A4F7556}") = "Zhzt.Exam.QuestionLib.DomainModel", "Zhzt.Exam.QuestionLib.DomainModel\Zhzt.Exam.QuestionLib.DomainModel.csproj", "{6404E327-8C5A-41CE-A4A6-011917BA8073}"
EndProject
Project("{9A19103F-16F7-4668-BE54-9A1E7A4F7556}") = "Zhzt.Exam.QuestionLib.DomainService", "Zhzt.Exam.QuestionLib.DomainService\Zhzt.Exam.QuestionLib.DomainService.csproj", "{317C0532-1AF3-4412-84D6-2C6083114F93}"
EndProject
Project("{9A19103F-16F7-4668-BE54-9A1E7A4F7556}") = "Zhzt.Exam.QuestionLib.DomainInterface", "Zhzt.Exam.QuestionLib.DomainInterface\Zhzt.Exam.QuestionLib.DomainInterface.csproj", "{0096AF78-24B3-44DF-9EE8-3BD200A50054}"
EndProject
Project("{2150E333-8FDC-42A3-9474-1A3956D46DE8}") = "Domain", "Domain", "{3B35912F-47A0-48A2-B2D1-3CCAFBDB92BA}"
EndProject
Project("{2150E333-8FDC-42A3-9474-1A3956D46DE8}") = "Microservice", "Microservice", "{3610424E-76C8-425F-B16A-1A275299AA36}"
EndProject
Project("{2150E333-8FDC-42A3-9474-1A3956D46DE8}") = "Infrastructure", "Infrastructure", "{F0D9C21D-7EE7-4031-8ACA-53C9EB1C1DB3}"
EndProject
Project("{9A19103F-16F7-4668-BE54-9A1E7A4F7556}") = "Netcore.Extensions.WebModels", "Netcore.Extensions.WebModels\Netcore.Extensions.WebModels.csproj", "{27A9E0C8-DAC4-4387-9402-CBBBF5F878F2}"
EndProject
Project("{9A19103F-16F7-4668-BE54-9A1E7A4F7556}") = "SqlSugar.Extensions.DomainHelper", "SqlSugar.Extension.DomainHelper\SqlSugar.Extensions.DomainHelper.csproj", "{F0B26779-2DFD-4006-866A-52538465EC9E}"
EndProject
Project("{9A19103F-16F7-4668-BE54-9A1E7A4F7556}") = "SqlSugar.Extensions.CodeFirst", "SqlSugar.Extensions.CodeFirst\SqlSugar.Extensions.CodeFirst.csproj", "{5C0BDD69-5C58-4053-9CF2-5701C50A8C75}"
EndProject
Project("{2150E333-8FDC-42A3-9474-1A3956D46DE8}") = "QuestionDomain", "QuestionDomain", "{C92E5B3A-01B1-4998-8679-4794247ED254}"
EndProject
Project("{2150E333-8FDC-42A3-9474-1A3956D46DE8}") = "PaperDomain", "PaperDomain", "{803577FD-A325-4379-96EC-C10CCC4393A3}"
EndProject
Project("{9A19103F-16F7-4668-BE54-9A1E7A4F7556}") = "MongoDb.Extensions.DomainHelper", "MongoDb.Extensions.DomainHelper\MongoDb.Extensions.DomainHelper.csproj", "{720D02F1-E594-4D9A-8205-86AF0BFD1E74}"
EndProject
Project("{9A19103F-16F7-4668-BE54-9A1E7A4F7556}") = "MongoDb.Extensions.Options", "MongoDb.Extensions.Options\MongoDb.Extensions.Options.csproj", "{8F01FAEB-BA25-4D34-896D-1B04FD2D4E88}"
EndProject
Project("{9A19103F-16F7-4668-BE54-9A1E7A4F7556}") = "Zhzt.Exam.PaperLib.DomainModel", "Zhzt.Exam.PaperLib.DomainModel\Zhzt.Exam.PaperLib.DomainModel.csproj", "{6B436030-8011-4200-A80C-93DF30C3502B}"
EndProject
Project("{9A19103F-16F7-4668-BE54-9A1E7A4F7556}") = "Zhzt.Exam.PaperLib.DomainInterface", "Zhzt.Exam.PaperLib.DomainInterface\Zhzt.Exam.PaperLib.DomainInterface.csproj", "{8FAD8BD9-5FE5-416A-828D-327EDE184A73}"
EndProject
Project("{9A19103F-16F7-4668-BE54-9A1E7A4F7556}") = "Zhzt.Exam.PaperLib.DomainService", "Zhzt.Exam.PaperLib.DomainService\Zhzt.Exam.PaperLib.DomainService.csproj", "{9653D3F7-5F79-4F25-9B56-7E4816E348FF}"
EndProject
Project("{2150E333-8FDC-42A3-9474-1A3956D46DE8}") = "background", "background", "{358F8771-ABBB-4888-A38D-AABBD46041DB}"
EndProject
Project("{9A19103F-16F7-4668-BE54-9A1E7A4F7556}") = "Zhzt.Exam.Gateway", "Zhzt.Exam.Gateway\Zhzt.Exam.Gateway.csproj", "{1C24F552-E075-4EF9-B409-A480C4E38460}"
EndProject
Project("{E53339B2-1760-4266-BCC7-CA923CBCF16C}") = "docker-compose", "docker-compose.dcproj", "{124F364B-AC17-4F41-AEB7-4DCEF8899731}"
EndProject
Project("{9A19103F-16F7-4668-BE54-9A1E7A4F7556}") = "MicroService.NacosDiscover.Helper", "MicroService.NacosDiscover.Helper\MicroService.NacosDiscover.Helper.csproj", "{4661E3EA-8545-4652-9A21-D95423838073}"
EndProject
Project("{9A19103F-16F7-4668-BE54-9A1E7A4F7556}") = "Zhzt.Exam.PaperLib.Api", "Zhzt.Exam.PaperLib.Api\Zhzt.Exam.PaperLib.Api.csproj", "{AD60927E-ACE2-4AF1-932E-72684CC5A235}"
EndProject
Project("{9A19103F-16F7-4668-BE54-9A1E7A4F7556}") = "Amz.NPOIWord.Extension", "Amz.NPOIWord.Extension\Amz.NPOIWord.Extension.csproj", "{0F7F9593-9AA9-4672-AF96-6F14A05F8D89}"
EndProject
Project("{2150E333-8FDC-42A3-9474-1A3956D46DE8}") = "GlobalValues", "GlobalValues", "{1110A4CF-E700-47A1-914E-4AEA729CAC56}"
EndProject
Project("{9A19103F-16F7-4668-BE54-9A1E7A4F7556}") = "Zhzt.Exam.PaperLib.Configuration", "Zhzt.Exam.PaperLib.Configuration\Zhzt.Exam.PaperLib.Configuration.csproj", "{80C520BD-EBE6-4388-88A6-4599A5F0BE51}"
EndProject
Project("{9A19103F-16F7-4668-BE54-9A1E7A4F7556}") = "Zhzt.Exam.StaticFileSystem", "Zhzt.Exam.FileSystem\Zhzt.Exam.StaticFileSystem.csproj", "{A2DD11B7-39BF-455A-86C8-8DB7C98D686B}"
EndProject
Project("{2150E333-8FDC-42A3-9474-1A3956D46DE8}") = "UserDomain", "UserDomain", "{8D16476B-D0EE-42A6-BD2A-99FC36D0832E}"
EndProject
Project("{9A19103F-16F7-4668-BE54-9A1E7A4F7556}") = "Zhzt.Exam.Auth.DomainModel", "Zhzt.Exam.User.DomainModel\Zhzt.Exam.Auth.DomainModel.csproj", "{D73982B6-7DC0-4BEA-B6A3-A5AE64AA3CE0}"
EndProject
Project("{9A19103F-16F7-4668-BE54-9A1E7A4F7556}") = "Zhzt.Exam.Auth.DomainInterface", "Zhzt.Exam.User.Interface\Zhzt.Exam.Auth.DomainInterface.csproj", "{3B8A3540-A92C-4E70-AD98-CBB68D5B8D14}"
EndProject
Project("{9A19103F-16F7-4668-BE54-9A1E7A4F7556}") = "Zhzt.Exam.Auth.DomainService", "Zhzt.Exam.User.DomainService\Zhzt.Exam.Auth.DomainService.csproj", "{5F377810-A4EE-498D-A052-7DC33F5961AF}"
EndProject
Project("{9A19103F-16F7-4668-BE54-9A1E7A4F7556}") = "Zhzt.Exam.Auth.DomainDtoModel", "Zhzt.Exam.Auth.DomainDtoModel\Zhzt.Exam.Auth.DomainDtoModel.csproj", "{4DADC569-795B-4988-973B-C5DCD8ED0CFC}"
EndProject
Project("{9A19103F-16F7-4668-BE54-9A1E7A4F7556}") = "Amz.EnumLib", "Amz.EnumLib\Amz.EnumLib.csproj", "{DD41CC30-A712-469B-8AE8-B046F66C1FC3}"
EndProject
Project("{9A19103F-16F7-4668-BE54-9A1E7A4F7556}") = "Zhzt.Exam.Auth.DomainDtoHelper", "Zhzt.Exam.Auth.DtoHelper\Zhzt.Exam.Auth.DomainDtoHelper.csproj", "{0CAB09B8-CB75-44C6-8E4C-A4CF81DD1E05}"
EndProject
Project("{9A19103F-16F7-4668-BE54-9A1E7A4F7556}") = "Zhzt.Exam.Auth.Api", "Zhzt.Exam.Auth.Api\Zhzt.Exam.Auth.Api.csproj", "{EB79B869-9185-4BB3-9FAB-C06EBDEA33D9}"
EndProject
Project("{2150E333-8FDC-42A3-9474-1A3956D46DE8}") = "MicroClassDomain", "MicroClassDomain", "{7602E2CA-1915-4CE1-A275-2B3BDB82BB4E}"
EndProject
Project("{9A19103F-16F7-4668-BE54-9A1E7A4F7556}") = "Zhzt.Exam.MicroClass.DomainInterface", "Zhzt.Exam.MicroClass.DomainInterface\Zhzt.Exam.MicroClass.DomainInterface.csproj", "{52531560-2D6E-4C8D-93EE-5A441970D192}"
EndProject
Project("{9A19103F-16F7-4668-BE54-9A1E7A4F7556}") = "Zhzt.Exam.MicroClass.DomainService", "Zhzt.Exam.MicroClass.DomainService\Zhzt.Exam.MicroClass.DomainService.csproj", "{B0EA7702-9DC9-4940-A306-E8230D782262}"
EndProject
Project("{9A19103F-16F7-4668-BE54-9A1E7A4F7556}") = "Zhzt.Exam.MicroClass.DomainModel", "Zhzt.Exam.MicroClass.DomainModel\Zhzt.Exam.MicroClass.DomainModel.csproj", "{BA68662A-CF60-4E24-B3DA-22039201DAFB}"
EndProject
Project("{9A19103F-16F7-4668-BE54-9A1E7A4F7556}") = "Zhzt.Exam.MicroClassLib.Api", "Zhzt.Exam.MicroClassLib.Api\Zhzt.Exam.MicroClassLib.Api.csproj", "{4D20E98E-EC16-4027-94B9-846A227299F1}"
EndProject
Project("{2150E333-8FDC-42A3-9474-1A3956D46DE8}") = "DocumentDomain", "DocumentDomain", "{4583BF90-A5B7-49C1-A2A1-F83173F2B728}"
EndProject
Project("{9A19103F-16F7-4668-BE54-9A1E7A4F7556}") = "Zhzt.Exam.Document.DomainInterface", "Zhzt.Exam.Document.DomainInterface\Zhzt.Exam.Document.DomainInterface.csproj", "{44D7B691-DB77-47D8-85BF-71BB8D4EF5D9}"
EndProject
Project("{9A19103F-16F7-4668-BE54-9A1E7A4F7556}") = "Zhzt.Exam.Document.DomainModel", "Zhzt.Exam.Document.DomainModel\Zhzt.Exam.Document.DomainModel.csproj", "{2E9A62C0-2595-44A6-BF8B-016D8AE4D17A}"
EndProject
Project("{9A19103F-16F7-4668-BE54-9A1E7A4F7556}") = "Zhzt.Exam.Document.DomainService", "Zhzt.Exam.Document.DomainService\Zhzt.Exam.Document.DomainService.csproj", "{2564C628-9948-4609-A5E3-4BD5C2E6C9F7}"
EndProject
Project("{9A19103F-16F7-4668-BE54-9A1E7A4F7556}") = "Zhzt.Exam.DocumentLib.Api", "Zhzt.Exam.DocumentLib.Api\Zhzt.Exam.DocumentLib.Api.csproj", "{66B1E861-8655-4C28-A1A7-12E07ED1F8A1}"
EndProject
Global
	GlobalSection(SolutionConfigurationPlatforms) = preSolution
		Debug|Any CPU = Debug|Any CPU
		Release|Any CPU = Release|Any CPU
	EndGlobalSection
	GlobalSection(ProjectConfigurationPlatforms) = postSolution
		{943BDFE1-8FDC-4EA4-B0F5-EA4F5F19906D}.Debug|Any CPU.ActiveCfg = Debug|Any CPU
		{943BDFE1-8FDC-4EA4-B0F5-EA4F5F19906D}.Debug|Any CPU.Build.0 = Debug|Any CPU
		{943BDFE1-8FDC-4EA4-B0F5-EA4F5F19906D}.Release|Any CPU.ActiveCfg = Release|Any CPU
		{943BDFE1-8FDC-4EA4-B0F5-EA4F5F19906D}.Release|Any CPU.Build.0 = Release|Any CPU
		{6404E327-8C5A-41CE-A4A6-011917BA8073}.Debug|Any CPU.ActiveCfg = Debug|Any CPU
		{6404E327-8C5A-41CE-A4A6-011917BA8073}.Debug|Any CPU.Build.0 = Debug|Any CPU
		{6404E327-8C5A-41CE-A4A6-011917BA8073}.Release|Any CPU.ActiveCfg = Release|Any CPU
		{6404E327-8C5A-41CE-A4A6-011917BA8073}.Release|Any CPU.Build.0 = Release|Any CPU
		{317C0532-1AF3-4412-84D6-2C6083114F93}.Debug|Any CPU.ActiveCfg = Debug|Any CPU
		{317C0532-1AF3-4412-84D6-2C6083114F93}.Debug|Any CPU.Build.0 = Debug|Any CPU
		{317C0532-1AF3-4412-84D6-2C6083114F93}.Release|Any CPU.ActiveCfg = Release|Any CPU
		{317C0532-1AF3-4412-84D6-2C6083114F93}.Release|Any CPU.Build.0 = Release|Any CPU
		{0096AF78-24B3-44DF-9EE8-3BD200A50054}.Debug|Any CPU.ActiveCfg = Debug|Any CPU
		{0096AF78-24B3-44DF-9EE8-3BD200A50054}.Debug|Any CPU.Build.0 = Debug|Any CPU
		{0096AF78-24B3-44DF-9EE8-3BD200A50054}.Release|Any CPU.ActiveCfg = Release|Any CPU
		{0096AF78-24B3-44DF-9EE8-3BD200A50054}.Release|Any CPU.Build.0 = Release|Any CPU
		{27A9E0C8-DAC4-4387-9402-CBBBF5F878F2}.Debug|Any CPU.ActiveCfg = Debug|Any CPU
		{27A9E0C8-DAC4-4387-9402-CBBBF5F878F2}.Debug|Any CPU.Build.0 = Debug|Any CPU
		{27A9E0C8-DAC4-4387-9402-CBBBF5F878F2}.Release|Any CPU.ActiveCfg = Release|Any CPU
		{27A9E0C8-DAC4-4387-9402-CBBBF5F878F2}.Release|Any CPU.Build.0 = Release|Any CPU
		{F0B26779-2DFD-4006-866A-52538465EC9E}.Debug|Any CPU.ActiveCfg = Debug|Any CPU
		{F0B26779-2DFD-4006-866A-52538465EC9E}.Debug|Any CPU.Build.0 = Debug|Any CPU
		{F0B26779-2DFD-4006-866A-52538465EC9E}.Release|Any CPU.ActiveCfg = Release|Any CPU
		{F0B26779-2DFD-4006-866A-52538465EC9E}.Release|Any CPU.Build.0 = Release|Any CPU
		{5C0BDD69-5C58-4053-9CF2-5701C50A8C75}.Debug|Any CPU.ActiveCfg = Debug|Any CPU
		{5C0BDD69-5C58-4053-9CF2-5701C50A8C75}.Debug|Any CPU.Build.0 = Debug|Any CPU
		{5C0BDD69-5C58-4053-9CF2-5701C50A8C75}.Release|Any CPU.ActiveCfg = Release|Any CPU
		{5C0BDD69-5C58-4053-9CF2-5701C50A8C75}.Release|Any CPU.Build.0 = Release|Any CPU
		{720D02F1-E594-4D9A-8205-86AF0BFD1E74}.Debug|Any CPU.ActiveCfg = Debug|Any CPU
		{720D02F1-E594-4D9A-8205-86AF0BFD1E74}.Debug|Any CPU.Build.0 = Debug|Any CPU
		{720D02F1-E594-4D9A-8205-86AF0BFD1E74}.Release|Any CPU.ActiveCfg = Release|Any CPU
		{720D02F1-E594-4D9A-8205-86AF0BFD1E74}.Release|Any CPU.Build.0 = Release|Any CPU
		{8F01FAEB-BA25-4D34-896D-1B04FD2D4E88}.Debug|Any CPU.ActiveCfg = Debug|Any CPU
		{8F01FAEB-BA25-4D34-896D-1B04FD2D4E88}.Debug|Any CPU.Build.0 = Debug|Any CPU
		{8F01FAEB-BA25-4D34-896D-1B04FD2D4E88}.Release|Any CPU.ActiveCfg = Release|Any CPU
		{8F01FAEB-BA25-4D34-896D-1B04FD2D4E88}.Release|Any CPU.Build.0 = Release|Any CPU
		{6B436030-8011-4200-A80C-93DF30C3502B}.Debug|Any CPU.ActiveCfg = Debug|Any CPU
		{6B436030-8011-4200-A80C-93DF30C3502B}.Debug|Any CPU.Build.0 = Debug|Any CPU
		{6B436030-8011-4200-A80C-93DF30C3502B}.Release|Any CPU.ActiveCfg = Release|Any CPU
		{6B436030-8011-4200-A80C-93DF30C3502B}.Release|Any CPU.Build.0 = Release|Any CPU
		{8FAD8BD9-5FE5-416A-828D-327EDE184A73}.Debug|Any CPU.ActiveCfg = Debug|Any CPU
		{8FAD8BD9-5FE5-416A-828D-327EDE184A73}.Debug|Any CPU.Build.0 = Debug|Any CPU
		{8FAD8BD9-5FE5-416A-828D-327EDE184A73}.Release|Any CPU.ActiveCfg = Release|Any CPU
		{8FAD8BD9-5FE5-416A-828D-327EDE184A73}.Release|Any CPU.Build.0 = Release|Any CPU
		{9653D3F7-5F79-4F25-9B56-7E4816E348FF}.Debug|Any CPU.ActiveCfg = Debug|Any CPU
		{9653D3F7-5F79-4F25-9B56-7E4816E348FF}.Debug|Any CPU.Build.0 = Debug|Any CPU
		{9653D3F7-5F79-4F25-9B56-7E4816E348FF}.Release|Any CPU.ActiveCfg = Release|Any CPU
		{9653D3F7-5F79-4F25-9B56-7E4816E348FF}.Release|Any CPU.Build.0 = Release|Any CPU
		{1C24F552-E075-4EF9-B409-A480C4E38460}.Debug|Any CPU.ActiveCfg = Debug|Any CPU
		{1C24F552-E075-4EF9-B409-A480C4E38460}.Debug|Any CPU.Build.0 = Debug|Any CPU
		{1C24F552-E075-4EF9-B409-A480C4E38460}.Release|Any CPU.ActiveCfg = Release|Any CPU
		{1C24F552-E075-4EF9-B409-A480C4E38460}.Release|Any CPU.Build.0 = Release|Any CPU
		{124F364B-AC17-4F41-AEB7-4DCEF8899731}.Debug|Any CPU.ActiveCfg = Debug|Any CPU
		{124F364B-AC17-4F41-AEB7-4DCEF8899731}.Debug|Any CPU.Build.0 = Debug|Any CPU
		{124F364B-AC17-4F41-AEB7-4DCEF8899731}.Release|Any CPU.ActiveCfg = Release|Any CPU
		{124F364B-AC17-4F41-AEB7-4DCEF8899731}.Release|Any CPU.Build.0 = Release|Any CPU
		{4661E3EA-8545-4652-9A21-D95423838073}.Debug|Any CPU.ActiveCfg = Debug|Any CPU
		{4661E3EA-8545-4652-9A21-D95423838073}.Debug|Any CPU.Build.0 = Debug|Any CPU
		{4661E3EA-8545-4652-9A21-D95423838073}.Release|Any CPU.ActiveCfg = Release|Any CPU
		{4661E3EA-8545-4652-9A21-D95423838073}.Release|Any CPU.Build.0 = Release|Any CPU
		{AD60927E-ACE2-4AF1-932E-72684CC5A235}.Debug|Any CPU.ActiveCfg = Debug|Any CPU
		{AD60927E-ACE2-4AF1-932E-72684CC5A235}.Debug|Any CPU.Build.0 = Debug|Any CPU
		{AD60927E-ACE2-4AF1-932E-72684CC5A235}.Release|Any CPU.ActiveCfg = Release|Any CPU
		{AD60927E-ACE2-4AF1-932E-72684CC5A235}.Release|Any CPU.Build.0 = Release|Any CPU
		{0F7F9593-9AA9-4672-AF96-6F14A05F8D89}.Debug|Any CPU.ActiveCfg = Debug|Any CPU
		{0F7F9593-9AA9-4672-AF96-6F14A05F8D89}.Debug|Any CPU.Build.0 = Debug|Any CPU
		{0F7F9593-9AA9-4672-AF96-6F14A05F8D89}.Release|Any CPU.ActiveCfg = Release|Any CPU
		{0F7F9593-9AA9-4672-AF96-6F14A05F8D89}.Release|Any CPU.Build.0 = Release|Any CPU
		{80C520BD-EBE6-4388-88A6-4599A5F0BE51}.Debug|Any CPU.ActiveCfg = Debug|Any CPU
		{80C520BD-EBE6-4388-88A6-4599A5F0BE51}.Debug|Any CPU.Build.0 = Debug|Any CPU
		{80C520BD-EBE6-4388-88A6-4599A5F0BE51}.Release|Any CPU.ActiveCfg = Release|Any CPU
		{80C520BD-EBE6-4388-88A6-4599A5F0BE51}.Release|Any CPU.Build.0 = Release|Any CPU
		{A2DD11B7-39BF-455A-86C8-8DB7C98D686B}.Debug|Any CPU.ActiveCfg = Debug|Any CPU
		{A2DD11B7-39BF-455A-86C8-8DB7C98D686B}.Debug|Any CPU.Build.0 = Debug|Any CPU
		{A2DD11B7-39BF-455A-86C8-8DB7C98D686B}.Release|Any CPU.ActiveCfg = Release|Any CPU
		{A2DD11B7-39BF-455A-86C8-8DB7C98D686B}.Release|Any CPU.Build.0 = Release|Any CPU
		{D73982B6-7DC0-4BEA-B6A3-A5AE64AA3CE0}.Debug|Any CPU.ActiveCfg = Debug|Any CPU
		{D73982B6-7DC0-4BEA-B6A3-A5AE64AA3CE0}.Debug|Any CPU.Build.0 = Debug|Any CPU
		{D73982B6-7DC0-4BEA-B6A3-A5AE64AA3CE0}.Release|Any CPU.ActiveCfg = Release|Any CPU
		{D73982B6-7DC0-4BEA-B6A3-A5AE64AA3CE0}.Release|Any CPU.Build.0 = Release|Any CPU
		{3B8A3540-A92C-4E70-AD98-CBB68D5B8D14}.Debug|Any CPU.ActiveCfg = Debug|Any CPU
		{3B8A3540-A92C-4E70-AD98-CBB68D5B8D14}.Debug|Any CPU.Build.0 = Debug|Any CPU
		{3B8A3540-A92C-4E70-AD98-CBB68D5B8D14}.Release|Any CPU.ActiveCfg = Release|Any CPU
		{3B8A3540-A92C-4E70-AD98-CBB68D5B8D14}.Release|Any CPU.Build.0 = Release|Any CPU
		{5F377810-A4EE-498D-A052-7DC33F5961AF}.Debug|Any CPU.ActiveCfg = Debug|Any CPU
		{5F377810-A4EE-498D-A052-7DC33F5961AF}.Debug|Any CPU.Build.0 = Debug|Any CPU
		{5F377810-A4EE-498D-A052-7DC33F5961AF}.Release|Any CPU.ActiveCfg = Release|Any CPU
		{5F377810-A4EE-498D-A052-7DC33F5961AF}.Release|Any CPU.Build.0 = Release|Any CPU
		{4DADC569-795B-4988-973B-C5DCD8ED0CFC}.Debug|Any CPU.ActiveCfg = Debug|Any CPU
		{4DADC569-795B-4988-973B-C5DCD8ED0CFC}.Debug|Any CPU.Build.0 = Debug|Any CPU
		{4DADC569-795B-4988-973B-C5DCD8ED0CFC}.Release|Any CPU.ActiveCfg = Release|Any CPU
		{4DADC569-795B-4988-973B-C5DCD8ED0CFC}.Release|Any CPU.Build.0 = Release|Any CPU
		{DD41CC30-A712-469B-8AE8-B046F66C1FC3}.Debug|Any CPU.ActiveCfg = Debug|Any CPU
		{DD41CC30-A712-469B-8AE8-B046F66C1FC3}.Debug|Any CPU.Build.0 = Debug|Any CPU
		{DD41CC30-A712-469B-8AE8-B046F66C1FC3}.Release|Any CPU.ActiveCfg = Release|Any CPU
		{DD41CC30-A712-469B-8AE8-B046F66C1FC3}.Release|Any CPU.Build.0 = Release|Any CPU
		{0CAB09B8-CB75-44C6-8E4C-A4CF81DD1E05}.Debug|Any CPU.ActiveCfg = Debug|Any CPU
		{0CAB09B8-CB75-44C6-8E4C-A4CF81DD1E05}.Debug|Any CPU.Build.0 = Debug|Any CPU
		{0CAB09B8-CB75-44C6-8E4C-A4CF81DD1E05}.Release|Any CPU.ActiveCfg = Release|Any CPU
		{0CAB09B8-CB75-44C6-8E4C-A4CF81DD1E05}.Release|Any CPU.Build.0 = Release|Any CPU
		{EB79B869-9185-4BB3-9FAB-C06EBDEA33D9}.Debug|Any CPU.ActiveCfg = Debug|Any CPU
		{EB79B869-9185-4BB3-9FAB-C06EBDEA33D9}.Debug|Any CPU.Build.0 = Debug|Any CPU
		{EB79B869-9185-4BB3-9FAB-C06EBDEA33D9}.Release|Any CPU.ActiveCfg = Release|Any CPU
		{EB79B869-9185-4BB3-9FAB-C06EBDEA33D9}.Release|Any CPU.Build.0 = Release|Any CPU
		{52531560-2D6E-4C8D-93EE-5A441970D192}.Debug|Any CPU.ActiveCfg = Debug|Any CPU
		{52531560-2D6E-4C8D-93EE-5A441970D192}.Debug|Any CPU.Build.0 = Debug|Any CPU
		{52531560-2D6E-4C8D-93EE-5A441970D192}.Release|Any CPU.ActiveCfg = Release|Any CPU
		{52531560-2D6E-4C8D-93EE-5A441970D192}.Release|Any CPU.Build.0 = Release|Any CPU
		{B0EA7702-9DC9-4940-A306-E8230D782262}.Debug|Any CPU.ActiveCfg = Debug|Any CPU
		{B0EA7702-9DC9-4940-A306-E8230D782262}.Debug|Any CPU.Build.0 = Debug|Any CPU
		{B0EA7702-9DC9-4940-A306-E8230D782262}.Release|Any CPU.ActiveCfg = Release|Any CPU
		{B0EA7702-9DC9-4940-A306-E8230D782262}.Release|Any CPU.Build.0 = Release|Any CPU
		{BA68662A-CF60-4E24-B3DA-22039201DAFB}.Debug|Any CPU.ActiveCfg = Debug|Any CPU
		{BA68662A-CF60-4E24-B3DA-22039201DAFB}.Debug|Any CPU.Build.0 = Debug|Any CPU
		{BA68662A-CF60-4E24-B3DA-22039201DAFB}.Release|Any CPU.ActiveCfg = Release|Any CPU
		{BA68662A-CF60-4E24-B3DA-22039201DAFB}.Release|Any CPU.Build.0 = Release|Any CPU
		{4D20E98E-EC16-4027-94B9-846A227299F1}.Debug|Any CPU.ActiveCfg = Debug|Any CPU
		{4D20E98E-EC16-4027-94B9-846A227299F1}.Debug|Any CPU.Build.0 = Debug|Any CPU
		{4D20E98E-EC16-4027-94B9-846A227299F1}.Release|Any CPU.ActiveCfg = Release|Any CPU
		{4D20E98E-EC16-4027-94B9-846A227299F1}.Release|Any CPU.Build.0 = Release|Any CPU
		{44D7B691-DB77-47D8-85BF-71BB8D4EF5D9}.Debug|Any CPU.ActiveCfg = Debug|Any CPU
		{44D7B691-DB77-47D8-85BF-71BB8D4EF5D9}.Debug|Any CPU.Build.0 = Debug|Any CPU
		{44D7B691-DB77-47D8-85BF-71BB8D4EF5D9}.Release|Any CPU.ActiveCfg = Release|Any CPU
		{44D7B691-DB77-47D8-85BF-71BB8D4EF5D9}.Release|Any CPU.Build.0 = Release|Any CPU
		{2E9A62C0-2595-44A6-BF8B-016D8AE4D17A}.Debug|Any CPU.ActiveCfg = Debug|Any CPU
		{2E9A62C0-2595-44A6-BF8B-016D8AE4D17A}.Debug|Any CPU.Build.0 = Debug|Any CPU
		{2E9A62C0-2595-44A6-BF8B-016D8AE4D17A}.Release|Any CPU.ActiveCfg = Release|Any CPU
		{2E9A62C0-2595-44A6-BF8B-016D8AE4D17A}.Release|Any CPU.Build.0 = Release|Any CPU
		{2564C628-9948-4609-A5E3-4BD5C2E6C9F7}.Debug|Any CPU.ActiveCfg = Debug|Any CPU
		{2564C628-9948-4609-A5E3-4BD5C2E6C9F7}.Debug|Any CPU.Build.0 = Debug|Any CPU
		{2564C628-9948-4609-A5E3-4BD5C2E6C9F7}.Release|Any CPU.ActiveCfg = Release|Any CPU
		{2564C628-9948-4609-A5E3-4BD5C2E6C9F7}.Release|Any CPU.Build.0 = Release|Any CPU
		{66B1E861-8655-4C28-A1A7-12E07ED1F8A1}.Debug|Any CPU.ActiveCfg = Debug|Any CPU
		{66B1E861-8655-4C28-A1A7-12E07ED1F8A1}.Debug|Any CPU.Build.0 = Debug|Any CPU
		{66B1E861-8655-4C28-A1A7-12E07ED1F8A1}.Release|Any CPU.ActiveCfg = Release|Any CPU
		{66B1E861-8655-4C28-A1A7-12E07ED1F8A1}.Release|Any CPU.Build.0 = Release|Any CPU
	EndGlobalSection
	GlobalSection(SolutionProperties) = preSolution
		HideSolutionNode = FALSE
	EndGlobalSection
	GlobalSection(NestedProjects) = preSolution
		{943BDFE1-8FDC-4EA4-B0F5-EA4F5F19906D} = {3610424E-76C8-425F-B16A-1A275299AA36}
		{6404E327-8C5A-41CE-A4A6-011917BA8073} = {C92E5B3A-01B1-4998-8679-4794247ED254}
		{317C0532-1AF3-4412-84D6-2C6083114F93} = {C92E5B3A-01B1-4998-8679-4794247ED254}
		{0096AF78-24B3-44DF-9EE8-3BD200A50054} = {C92E5B3A-01B1-4998-8679-4794247ED254}
		{27A9E0C8-DAC4-4387-9402-CBBBF5F878F2} = {F0D9C21D-7EE7-4031-8ACA-53C9EB1C1DB3}
		{F0B26779-2DFD-4006-866A-52538465EC9E} = {F0D9C21D-7EE7-4031-8ACA-53C9EB1C1DB3}
		{5C0BDD69-5C58-4053-9CF2-5701C50A8C75} = {F0D9C21D-7EE7-4031-8ACA-53C9EB1C1DB3}
		{C92E5B3A-01B1-4998-8679-4794247ED254} = {3B35912F-47A0-48A2-B2D1-3CCAFBDB92BA}
		{803577FD-A325-4379-96EC-C10CCC4393A3} = {3B35912F-47A0-48A2-B2D1-3CCAFBDB92BA}
		{720D02F1-E594-4D9A-8205-86AF0BFD1E74} = {F0D9C21D-7EE7-4031-8ACA-53C9EB1C1DB3}
		{8F01FAEB-BA25-4D34-896D-1B04FD2D4E88} = {F0D9C21D-7EE7-4031-8ACA-53C9EB1C1DB3}
		{6B436030-8011-4200-A80C-93DF30C3502B} = {803577FD-A325-4379-96EC-C10CCC4393A3}
		{8FAD8BD9-5FE5-416A-828D-327EDE184A73} = {803577FD-A325-4379-96EC-C10CCC4393A3}
		{9653D3F7-5F79-4F25-9B56-7E4816E348FF} = {803577FD-A325-4379-96EC-C10CCC4393A3}
		{1C24F552-E075-4EF9-B409-A480C4E38460} = {358F8771-ABBB-4888-A38D-AABBD46041DB}
		{4661E3EA-8545-4652-9A21-D95423838073} = {F0D9C21D-7EE7-4031-8ACA-53C9EB1C1DB3}
		{AD60927E-ACE2-4AF1-932E-72684CC5A235} = {3610424E-76C8-425F-B16A-1A275299AA36}
		{0F7F9593-9AA9-4672-AF96-6F14A05F8D89} = {F0D9C21D-7EE7-4031-8ACA-53C9EB1C1DB3}
		{80C520BD-EBE6-4388-88A6-4599A5F0BE51} = {803577FD-A325-4379-96EC-C10CCC4393A3}
		{A2DD11B7-39BF-455A-86C8-8DB7C98D686B} = {1110A4CF-E700-47A1-914E-4AEA729CAC56}
		{8D16476B-D0EE-42A6-BD2A-99FC36D0832E} = {3B35912F-47A0-48A2-B2D1-3CCAFBDB92BA}
		{D73982B6-7DC0-4BEA-B6A3-A5AE64AA3CE0} = {8D16476B-D0EE-42A6-BD2A-99FC36D0832E}
		{3B8A3540-A92C-4E70-AD98-CBB68D5B8D14} = {8D16476B-D0EE-42A6-BD2A-99FC36D0832E}
		{5F377810-A4EE-498D-A052-7DC33F5961AF} = {8D16476B-D0EE-42A6-BD2A-99FC36D0832E}
		{4DADC569-795B-4988-973B-C5DCD8ED0CFC} = {8D16476B-D0EE-42A6-BD2A-99FC36D0832E}
		{DD41CC30-A712-469B-8AE8-B046F66C1FC3} = {F0D9C21D-7EE7-4031-8ACA-53C9EB1C1DB3}
		{0CAB09B8-CB75-44C6-8E4C-A4CF81DD1E05} = {8D16476B-D0EE-42A6-BD2A-99FC36D0832E}
		{EB79B869-9185-4BB3-9FAB-C06EBDEA33D9} = {3610424E-76C8-425F-B16A-1A275299AA36}
		{7602E2CA-1915-4CE1-A275-2B3BDB82BB4E} = {3B35912F-47A0-48A2-B2D1-3CCAFBDB92BA}
		{52531560-2D6E-4C8D-93EE-5A441970D192} = {7602E2CA-1915-4CE1-A275-2B3BDB82BB4E}
		{B0EA7702-9DC9-4940-A306-E8230D782262} = {7602E2CA-1915-4CE1-A275-2B3BDB82BB4E}
		{BA68662A-CF60-4E24-B3DA-22039201DAFB} = {7602E2CA-1915-4CE1-A275-2B3BDB82BB4E}
		{4D20E98E-EC16-4027-94B9-846A227299F1} = {3610424E-76C8-425F-B16A-1A275299AA36}
		{4583BF90-A5B7-49C1-A2A1-F83173F2B728} = {3B35912F-47A0-48A2-B2D1-3CCAFBDB92BA}
		{44D7B691-DB77-47D8-85BF-71BB8D4EF5D9} = {4583BF90-A5B7-49C1-A2A1-F83173F2B728}
		{2E9A62C0-2595-44A6-BF8B-016D8AE4D17A} = {4583BF90-A5B7-49C1-A2A1-F83173F2B728}
		{2564C628-9948-4609-A5E3-4BD5C2E6C9F7} = {4583BF90-A5B7-49C1-A2A1-F83173F2B728}
		{66B1E861-8655-4C28-A1A7-12E07ED1F8A1} = {3610424E-76C8-425F-B16A-1A275299AA36}
	EndGlobalSection
	GlobalSection(ExtensibilityGlobals) = postSolution
		SolutionGuid = {C1AC8227-9DDB-4C1C-9735-FB9772DA6A8E}
	EndGlobalSection
EndGlobal
